// !$*UTF8*$!
{
	archiveVersion = 1;
	classes = {
	};
	objectVersion = 77;
	objects = {

/* Begin PBXBuildFile section */
		037DA4B0A17D3A336DF64827 /* TrainingHubView.swift in Sources */ = {isa = PBXBuildFile; fileRef = F2168C23890FEB64360E40A5 /* TrainingHubView.swift */; };
		04999B39195137AB9BA71B9A /* AppAuth in Frameworks */ = {isa = PBXBuildFile; productRef = 6BE6FBF509B0BB844E656549 /* AppAuth */; };
		06931F2CD054F4E2CB1A73B4 /* Logging.swift in Sources */ = {isa = PBXBuildFile; fileRef = B0CE9CC0E1302819C8010358 /* Logging.swift */; };
		07E691D96D97DC67191332E6 /* ProfileViewModel.swift in Sources */ = {isa = PBXBuildFile; fileRef = D566BB28F7146B5858070BD2 /* ProfileViewModel.swift */; };
		0AF9ACEEACEF5516F5A125FC /* APIRequest.swift in Sources */ = {isa = PBXBuildFile; fileRef = 9E4CF13A2531205E9575D66B /* APIRequest.swift */; };
		0BD75B053CAE785680A0D197 /* DataAndOfflineView.swift in Sources */ = {isa = PBXBuildFile; fileRef = 0D6D04C74DE23C15A1CF9745 /* DataAndOfflineView.swift */; };
		0CFE26D86AB1FDFEB7ADDBB6 /* QuickWorkoutBuilderView.swift in Sources */ = {isa = PBXBuildFile; fileRef = D7ADF6ADDAF5414D4B59CDCA /* QuickWorkoutBuilderView.swift */; };
		13A18B1EF9CA176E069703E6 /* TrainingStoreTests.swift in Sources */ = {isa = PBXBuildFile; fileRef = 5413D44EC8006C41BACCA576 /* TrainingStoreTests.swift */; };
		1AB57DA5730C1782367D6BE4 /* OnboardingFeature.swift in Sources */ = {isa = PBXBuildFile; fileRef = 0E8CAAC9949B18D9481EB13C /* OnboardingFeature.swift */; };
		1D7E67CC678EE15C79E3AB96 /* Typography.swift in Sources */ = {isa = PBXBuildFile; fileRef = A2E5D8994FEA468EC4504CD0 /* Typography.swift */; };
		2446FADE5A6601002AB8A61D /* Colors.swift in Sources */ = {isa = PBXBuildFile; fileRef = 87E0FAD6B3FC785EE59C774B /* Colors.swift */; };
		24A48678A501B841969AB1EC /* RootView.swift in Sources */ = {isa = PBXBuildFile; fileRef = 870E9DD10FEBC22074CF71BA /* RootView.swift */; };
		268CC2843BD27BA0CDDE9075 /* ComposableArchitecture in Frameworks */ = {isa = PBXBuildFile; productRef = CF92C8BF8645F9BA258E283B /* ComposableArchitecture */; };
		28A1BACADED54018734A2488 /* AuthTokenProvider.swift in Sources */ = {isa = PBXBuildFile; fileRef = 73D40B15217387B49B13527A /* AuthTokenProvider.swift */; };
		2C1FC3EF8C6F16B005027DF1 /* ProgramDetailsView.swift in Sources */ = {isa = PBXBuildFile; fileRef = 075C9ED6113F50057E609DD0 /* ProgramDetailsView.swift */; };
		2F222A6AB61570B975628D77 /* WorkoutsFeatureAndProgressStoreTests.swift in Sources */ = {isa = PBXBuildFile; fileRef = F4E83E16D03A9159D9FAC56A /* WorkoutsFeatureAndProgressStoreTests.swift */; };
		302383A11BF7E3A6A2017B59 /* PreviewMocks.swift in Sources */ = {isa = PBXBuildFile; fileRef = 967F2EF94A530FC0D94A6D5C /* PreviewMocks.swift */; };
		311CA55C4D9E860BDCEF21B9 /* WorkoutsListView.swift in Sources */ = {isa = PBXBuildFile; fileRef = E2183400A1DCC3A118320601 /* WorkoutsListView.swift */; };
		3D4D395035704708BEAB49E2 /* ProfileView.swift in Sources */ = {isa = PBXBuildFile; fileRef = E6F716B639AD2AA123C18F3B /* ProfileView.swift */; };
		3FA3EB4628A444E086A3F7CB /* CatalogView.swift in Sources */ = {isa = PBXBuildFile; fileRef = A56CE81EAF5FA874DDFE6201 /* CatalogView.swift */; };
		43CA0760499D122198F6FA3B /* OnboardingView.swift in Sources */ = {isa = PBXBuildFile; fileRef = 1203A36F8050A4BC9C2E299F /* OnboardingView.swift */; };
		440F3C70D933310A3BCB95A0 /* NetworkMonitor.swift in Sources */ = {isa = PBXBuildFile; fileRef = C7DAB8925BEFB1102F1A545C /* NetworkMonitor.swift */; };
		45E466356D6C79571D6512DF /* APIClient.swift in Sources */ = {isa = PBXBuildFile; fileRef = 93591F37ED661EF6B961A5D3 /* APIClient.swift */; };
		47666B7411F0CE528FE8B1F4 /* FFErrorState.swift in Sources */ = {isa = PBXBuildFile; fileRef = 151CCFD42F23601C4661B789 /* FFErrorState.swift */; };
		5242DDCD1DA66FFEEDC0015E /* ProfileModels.swift in Sources */ = {isa = PBXBuildFile; fileRef = FA85FC3C009EB05E8D67EE66 /* ProfileModels.swift */; };
		52FBBDB2F37E77D2C7143EBA /* MockURLProtocol.swift in Sources */ = {isa = PBXBuildFile; fileRef = E1984067FE9FCB6709C5D963 /* MockURLProtocol.swift */; };
		553A3B4DA2F534094E3AA5C8 /* APILogger.swift in Sources */ = {isa = PBXBuildFile; fileRef = ED3B939F25D70B624ECD73AC /* APILogger.swift */; };
		5C6A1DDAACA62605B0E42581 /* FFLoadingState.swift in Sources */ = {isa = PBXBuildFile; fileRef = 2C571FBEBDFDA288B1E05B14 /* FFLoadingState.swift */; };
		5E6EF9DDF511ED6E69C44691 /* InfluencerProfileClient.swift in Sources */ = {isa = PBXBuildFile; fileRef = 862F48B6CFE0972C4137CDAF /* InfluencerProfileClient.swift */; };
		659A792308E4E63241F9DE2C /* FFBadge.swift in Sources */ = {isa = PBXBuildFile; fileRef = E190F6607FF86AE368CDC6DC /* FFBadge.swift */; };
		68E89882A51C1B39345D7DEE /* AuthAndSessionFlowTests.swift in Sources */ = {isa = PBXBuildFile; fileRef = 4E282B8F338673539A3669DB /* AuthAndSessionFlowTests.swift */; };
		7BC195B6A8FE68F18A9E8127 /* ProgramsClient.swift in Sources */ = {isa = PBXBuildFile; fileRef = B0CF331419F45FF9802465D8 /* ProgramsClient.swift */; };
		7D795EB4253C3CBEBB64D77C /* DiagnosticsProvider.swift in Sources */ = {isa = PBXBuildFile; fileRef = 50FF6814BEAD2D555129739F /* DiagnosticsProvider.swift */; };
		80DA7B6D97E76CD158F61AA2 /* HomeView.swift in Sources */ = {isa = PBXBuildFile; fileRef = DDDCF672A28D5C4E67F32596 /* HomeView.swift */; };
		849A338E87813F3C4CB7BF03 /* Environment.swift in Sources */ = {isa = PBXBuildFile; fileRef = 44A1273CE966730AE3C9922B /* Environment.swift */; };
		8D8127A6EF2465DFDE792FAD /* OIDCAndTokenStoreTests.swift in Sources */ = {isa = PBXBuildFile; fileRef = 329834B4D1A96F4EA44A775F /* OIDCAndTokenStoreTests.swift */; };
		9BA85066DCAEF7E479AEA974 /* CacheStore.swift in Sources */ = {isa = PBXBuildFile; fileRef = A9E1507216045909C1D3BEF3 /* CacheStore.swift */; };
		A1788B18CB78B7660191A722 /* WorkoutPlayerView.swift in Sources */ = {isa = PBXBuildFile; fileRef = 80D4B8754AB2E901312C854C /* WorkoutPlayerView.swift */; };
		A7468B42E0564F56E4DEA037 /* APIError.swift in Sources */ = {isa = PBXBuildFile; fileRef = D049FFBF6B3F8E522C058CAA /* APIError.swift */; };
		A894EEF1CB87660C0CDB9600 /* HTTPClient.swift in Sources */ = {isa = PBXBuildFile; fileRef = 14C19E971649693B43AC91DB /* HTTPClient.swift */; };
		AAAA98F84F7E07A8050F518F /* CacheStoreTests.swift in Sources */ = {isa = PBXBuildFile; fileRef = F56DB3FDD2708300A0824118 /* CacheStoreTests.swift */; };
		AB5CB6D21AA03EE03C7DF1D1 /* AthleteProfileClient.swift in Sources */ = {isa = PBXBuildFile; fileRef = D3D152248888DA9E6279DACD /* AthleteProfileClient.swift */; };
		AD673F24856A7870636DB1E4 /* HelpAndDiagnosticsView.swift in Sources */ = {isa = PBXBuildFile; fileRef = 64143FD02B2501B96BD88680 /* HelpAndDiagnosticsView.swift */; };
		B1D4335E51D0FCAC21C8DB80 /* MeClient.swift in Sources */ = {isa = PBXBuildFile; fileRef = B61E587FD4EC525652715208 /* MeClient.swift */; };
		B2EFCC6EFBC62E64F826EFDB /* SessionManager.swift in Sources */ = {isa = PBXBuildFile; fileRef = F4BA13F15E04E7DE0985E8C3 /* SessionManager.swift */; };
		B3A6C32678411ED371703D18 /* TrainingInsightsView.swift in Sources */ = {isa = PBXBuildFile; fileRef = 2E16BBE6F885A8F976874EE8 /* TrainingInsightsView.swift */; };
		B68CFEB25BF04441A03234E5 /* Theme.swift in Sources */ = {isa = PBXBuildFile; fileRef = 86189A9947AC753259B89A8D /* Theme.swift */; };
		B9F03E8D15122E06EEABC9B3 /* DiagnosticsView.swift in Sources */ = {isa = PBXBuildFile; fileRef = 02FB6451DC5112CB7DE94103 /* DiagnosticsView.swift */; };
		BAE62E7712F38E9F49845685 /* NetworkingTests.swift in Sources */ = {isa = PBXBuildFile; fileRef = 59F8273C6875008A5C9A3300 /* NetworkingTests.swift */; };
		BC078A680755A39631921FB9 /* OIDCDiscoveryDocument.swift in Sources */ = {isa = PBXBuildFile; fileRef = 5C86524522FD187BCB6065C5 /* OIDCDiscoveryDocument.swift */; };
		BE14E4CFB655557D8C529CDF /* RootFeature.swift in Sources */ = {isa = PBXBuildFile; fileRef = CAEB6BFF14C57697C73E6CD3 /* RootFeature.swift */; };
		BF014B2F8342FD309DD69B06 /* PlanScheduleView.swift in Sources */ = {isa = PBXBuildFile; fileRef = 98D854DFFDCBED597F3ABAE3 /* PlanScheduleView.swift */; };
		C02072FD6DB6B3A191B83CB8 /* WorkoutSettingsView.swift in Sources */ = {isa = PBXBuildFile; fileRef = 0969AE8DCBC8CC20AB132913 /* WorkoutSettingsView.swift */; };
		C091B3E8CBC8FB1F8ABFDC95 /* FitfluenceApp.swift in Sources */ = {isa = PBXBuildFile; fileRef = 2406C59ACFAD49D5F8BF8FC2 /* FitfluenceApp.swift */; };
		C2DCB05753276584C7BFA617 /* ProgressStore.swift in Sources */ = {isa = PBXBuildFile; fileRef = 415ABAB15959835E84390C9B /* ProgressStore.swift */; };
		C32507921BC5A60036A562D7 /* TokenStore.swift in Sources */ = {isa = PBXBuildFile; fileRef = 3B0C590AD2E0CF52FB2BE38B /* TokenStore.swift */; };
		C3535BA80F21F23FCA8AE684 /* Spacing.swift in Sources */ = {isa = PBXBuildFile; fileRef = 0A3A5018D89BEF09A1424EEF /* Spacing.swift */; };
		C60592699CEFB013D65622F0 /* UserFacingError+API.swift in Sources */ = {isa = PBXBuildFile; fileRef = 81D801B7204C5B75B701024C /* UserFacingError+API.swift */; };
		CB6448969D574D903A200B23 /* AuthService.swift in Sources */ = {isa = PBXBuildFile; fileRef = 88082B057D7E001AA79962A9 /* AuthService.swift */; };
		CC8868B57E06833805945E7C /* ProgramMetadata+Formatting.swift in Sources */ = {isa = PBXBuildFile; fileRef = D9AE3E296D70AF09E7CC6A36 /* ProgramMetadata+Formatting.swift */; };
		D0381F8271688F1DD55ECF64 /* FFButton.swift in Sources */ = {isa = PBXBuildFile; fileRef = A97D9C4C6794471BA7C75525 /* FFButton.swift */; };
		D0EDEA7F9D27535EA83A0F26 /* FFEmptyState.swift in Sources */ = {isa = PBXBuildFile; fileRef = E40B5498BB99116B3021C4E4 /* FFEmptyState.swift */; };
		D21F342597E982EA8F1527B6 /* ProfileSettingsStore.swift in Sources */ = {isa = PBXBuildFile; fileRef = 3D19C750F8279778F532FB96 /* ProfileSettingsStore.swift */; };
		D34BBA531B3DE3454AA05356 /* TemplateLibraryView.swift in Sources */ = {isa = PBXBuildFile; fileRef = 1A5EE0FB696AC968E52E7C79 /* TemplateLibraryView.swift */; };
		D69C1CB30BD7205B98ECCCC3 /* TokenSet.swift in Sources */ = {isa = PBXBuildFile; fileRef = 7D5DAA77BFBBF8EB1EE9084A /* TokenSet.swift */; };
		D7932E90DA35D8CD26261D66 /* FFRemoteImage.swift in Sources */ = {isa = PBXBuildFile; fileRef = E4EE124DB6FA8A5986B4A1F8 /* FFRemoteImage.swift */; };
		DE67CA63B6CB763CE7FF9FD8 /* DiagnosticsFeature.swift in Sources */ = {isa = PBXBuildFile; fileRef = F985AA318869C8870BDA6187 /* DiagnosticsFeature.swift */; };
		F128A068B4197FBB8CFCD9B0 /* CatalogAndProgramDetailsFeatureTests.swift in Sources */ = {isa = PBXBuildFile; fileRef = FE69D7DA6EBA76E277ABD6C7 /* CatalogAndProgramDetailsFeatureTests.swift */; };
		F12AF47E2E6A7061D391E5F6 /* FFCard.swift in Sources */ = {isa = PBXBuildFile; fileRef = D4D6772D2C40BCF7FEB3C45C /* FFCard.swift */; };
		F540D452CC4979E1CE3FDFED /* FFTextField.swift in Sources */ = {isa = PBXBuildFile; fileRef = B202B94DE2C375FB67F019B3 /* FFTextField.swift */; };
		F67E9F2C45A40F855D4E42AB /* TrainingStore.swift in Sources */ = {isa = PBXBuildFile; fileRef = FD06968D96E5E12F603103BA /* TrainingStore.swift */; };
		F8D8480922CC1CB246C5C711 /* DesignSystemTests.swift in Sources */ = {isa = PBXBuildFile; fileRef = 94FD710E5EFA916159BCCE7D /* DesignSystemTests.swift */; };
		FD5872540E3199A7CB90B578 /* WorkoutsClient.swift in Sources */ = {isa = PBXBuildFile; fileRef = 7EEDCA84EDE9877A99455D47 /* WorkoutsClient.swift */; };
		FE01694F22BC7CAF07E8763B /* StoredAuthTokenProvider.swift in Sources */ = {isa = PBXBuildFile; fileRef = AE32622DE77E7E6D8F18CD32 /* StoredAuthTokenProvider.swift */; };
/* End PBXBuildFile section */

/* Begin PBXContainerItemProxy section */
		9774CFC48F26E88E8557B1B7 /* PBXContainerItemProxy */ = {
			isa = PBXContainerItemProxy;
			containerPortal = 72645444D6D11CF9F869745D /* Project object */;
			proxyType = 1;
			remoteGlobalIDString = 97EC3E4C23CB2A83536869EE;
			remoteInfo = FitfluenceApp;
		};
/* End PBXContainerItemProxy section */

/* Begin PBXFileReference section */
		02FB6451DC5112CB7DE94103 /* DiagnosticsView.swift */ = {isa = PBXFileReference; lastKnownFileType = sourcecode.swift; path = DiagnosticsView.swift; sourceTree = "<group>"; };
		075C9ED6113F50057E609DD0 /* ProgramDetailsView.swift */ = {isa = PBXFileReference; lastKnownFileType = sourcecode.swift; path = ProgramDetailsView.swift; sourceTree = "<group>"; };
		0969AE8DCBC8CC20AB132913 /* WorkoutSettingsView.swift */ = {isa = PBXFileReference; lastKnownFileType = sourcecode.swift; path = WorkoutSettingsView.swift; sourceTree = "<group>"; };
		0A3A5018D89BEF09A1424EEF /* Spacing.swift */ = {isa = PBXFileReference; lastKnownFileType = sourcecode.swift; path = Spacing.swift; sourceTree = "<group>"; };
		0D6D04C74DE23C15A1CF9745 /* DataAndOfflineView.swift */ = {isa = PBXFileReference; lastKnownFileType = sourcecode.swift; path = DataAndOfflineView.swift; sourceTree = "<group>"; };
		0E8CAAC9949B18D9481EB13C /* OnboardingFeature.swift */ = {isa = PBXFileReference; lastKnownFileType = sourcecode.swift; path = OnboardingFeature.swift; sourceTree = "<group>"; };
		1203A36F8050A4BC9C2E299F /* OnboardingView.swift */ = {isa = PBXFileReference; lastKnownFileType = sourcecode.swift; path = OnboardingView.swift; sourceTree = "<group>"; };
		14C19E971649693B43AC91DB /* HTTPClient.swift */ = {isa = PBXFileReference; lastKnownFileType = sourcecode.swift; path = HTTPClient.swift; sourceTree = "<group>"; };
		151CCFD42F23601C4661B789 /* FFErrorState.swift */ = {isa = PBXFileReference; lastKnownFileType = sourcecode.swift; path = FFErrorState.swift; sourceTree = "<group>"; };
		1A5EE0FB696AC968E52E7C79 /* TemplateLibraryView.swift */ = {isa = PBXFileReference; lastKnownFileType = sourcecode.swift; path = TemplateLibraryView.swift; sourceTree = "<group>"; };
		2406C59ACFAD49D5F8BF8FC2 /* FitfluenceApp.swift */ = {isa = PBXFileReference; lastKnownFileType = sourcecode.swift; path = FitfluenceApp.swift; sourceTree = "<group>"; };
		274454899BAE117E3568041E /* FitfluenceApp.app */ = {isa = PBXFileReference; includeInIndex = 0; lastKnownFileType = wrapper.application; path = FitfluenceApp.app; sourceTree = BUILT_PRODUCTS_DIR; };
		2C571FBEBDFDA288B1E05B14 /* FFLoadingState.swift */ = {isa = PBXFileReference; lastKnownFileType = sourcecode.swift; path = FFLoadingState.swift; sourceTree = "<group>"; };
		2E16BBE6F885A8F976874EE8 /* TrainingInsightsView.swift */ = {isa = PBXFileReference; lastKnownFileType = sourcecode.swift; path = TrainingInsightsView.swift; sourceTree = "<group>"; };
		329834B4D1A96F4EA44A775F /* OIDCAndTokenStoreTests.swift */ = {isa = PBXFileReference; lastKnownFileType = sourcecode.swift; path = OIDCAndTokenStoreTests.swift; sourceTree = "<group>"; };
		3B0C590AD2E0CF52FB2BE38B /* TokenStore.swift */ = {isa = PBXFileReference; lastKnownFileType = sourcecode.swift; path = TokenStore.swift; sourceTree = "<group>"; };
		3D19C750F8279778F532FB96 /* ProfileSettingsStore.swift */ = {isa = PBXFileReference; lastKnownFileType = sourcecode.swift; path = ProfileSettingsStore.swift; sourceTree = "<group>"; };
		415ABAB15959835E84390C9B /* ProgressStore.swift */ = {isa = PBXFileReference; lastKnownFileType = sourcecode.swift; path = ProgressStore.swift; sourceTree = "<group>"; };
		44A1273CE966730AE3C9922B /* Environment.swift */ = {isa = PBXFileReference; lastKnownFileType = sourcecode.swift; path = Environment.swift; sourceTree = "<group>"; };
		4BB48B9AF4D57EE8E899CC9E /* Stage.xcconfig */ = {isa = PBXFileReference; lastKnownFileType = text.xcconfig; path = Stage.xcconfig; sourceTree = "<group>"; };
		4E282B8F338673539A3669DB /* AuthAndSessionFlowTests.swift */ = {isa = PBXFileReference; lastKnownFileType = sourcecode.swift; path = AuthAndSessionFlowTests.swift; sourceTree = "<group>"; };
		50FF6814BEAD2D555129739F /* DiagnosticsProvider.swift */ = {isa = PBXFileReference; lastKnownFileType = sourcecode.swift; path = DiagnosticsProvider.swift; sourceTree = "<group>"; };
		5413D44EC8006C41BACCA576 /* TrainingStoreTests.swift */ = {isa = PBXFileReference; lastKnownFileType = sourcecode.swift; path = TrainingStoreTests.swift; sourceTree = "<group>"; };
		59F8273C6875008A5C9A3300 /* NetworkingTests.swift */ = {isa = PBXFileReference; lastKnownFileType = sourcecode.swift; path = NetworkingTests.swift; sourceTree = "<group>"; };
		5C86524522FD187BCB6065C5 /* OIDCDiscoveryDocument.swift */ = {isa = PBXFileReference; lastKnownFileType = sourcecode.swift; path = OIDCDiscoveryDocument.swift; sourceTree = "<group>"; };
		64143FD02B2501B96BD88680 /* HelpAndDiagnosticsView.swift */ = {isa = PBXFileReference; lastKnownFileType = sourcecode.swift; path = HelpAndDiagnosticsView.swift; sourceTree = "<group>"; };
		65EE21EADAEB1C46C1227CF6 /* FitfluenceTests.xctest */ = {isa = PBXFileReference; includeInIndex = 0; lastKnownFileType = wrapper.cfbundle; path = FitfluenceTests.xctest; sourceTree = BUILT_PRODUCTS_DIR; };
		73D40B15217387B49B13527A /* AuthTokenProvider.swift */ = {isa = PBXFileReference; lastKnownFileType = sourcecode.swift; path = AuthTokenProvider.swift; sourceTree = "<group>"; };
		7D5DAA77BFBBF8EB1EE9084A /* TokenSet.swift */ = {isa = PBXFileReference; lastKnownFileType = sourcecode.swift; path = TokenSet.swift; sourceTree = "<group>"; };
		7EEDCA84EDE9877A99455D47 /* WorkoutsClient.swift */ = {isa = PBXFileReference; lastKnownFileType = sourcecode.swift; path = WorkoutsClient.swift; sourceTree = "<group>"; };
		80D4B8754AB2E901312C854C /* WorkoutPlayerView.swift */ = {isa = PBXFileReference; lastKnownFileType = sourcecode.swift; path = WorkoutPlayerView.swift; sourceTree = "<group>"; };
		81D801B7204C5B75B701024C /* UserFacingError+API.swift */ = {isa = PBXFileReference; lastKnownFileType = sourcecode.swift; path = "UserFacingError+API.swift"; sourceTree = "<group>"; };
		86189A9947AC753259B89A8D /* Theme.swift */ = {isa = PBXFileReference; lastKnownFileType = sourcecode.swift; path = Theme.swift; sourceTree = "<group>"; };
		862F48B6CFE0972C4137CDAF /* InfluencerProfileClient.swift */ = {isa = PBXFileReference; lastKnownFileType = sourcecode.swift; path = InfluencerProfileClient.swift; sourceTree = "<group>"; };
		870E9DD10FEBC22074CF71BA /* RootView.swift */ = {isa = PBXFileReference; lastKnownFileType = sourcecode.swift; path = RootView.swift; sourceTree = "<group>"; };
		87E0FAD6B3FC785EE59C774B /* Colors.swift */ = {isa = PBXFileReference; lastKnownFileType = sourcecode.swift; path = Colors.swift; sourceTree = "<group>"; };
		88082B057D7E001AA79962A9 /* AuthService.swift */ = {isa = PBXFileReference; lastKnownFileType = sourcecode.swift; path = AuthService.swift; sourceTree = "<group>"; };
		8B5464E69784604F0C29B39C /* Prod.xcconfig */ = {isa = PBXFileReference; lastKnownFileType = text.xcconfig; path = Prod.xcconfig; sourceTree = "<group>"; };
		9244A63DF5237F20107DDA2E /* Dev.xcconfig */ = {isa = PBXFileReference; lastKnownFileType = text.xcconfig; path = Dev.xcconfig; sourceTree = "<group>"; };
		93591F37ED661EF6B961A5D3 /* APIClient.swift */ = {isa = PBXFileReference; lastKnownFileType = sourcecode.swift; path = APIClient.swift; sourceTree = "<group>"; };
		94FD710E5EFA916159BCCE7D /* DesignSystemTests.swift */ = {isa = PBXFileReference; lastKnownFileType = sourcecode.swift; path = DesignSystemTests.swift; sourceTree = "<group>"; };
		967F2EF94A530FC0D94A6D5C /* PreviewMocks.swift */ = {isa = PBXFileReference; lastKnownFileType = sourcecode.swift; path = PreviewMocks.swift; sourceTree = "<group>"; };
		98D854DFFDCBED597F3ABAE3 /* PlanScheduleView.swift */ = {isa = PBXFileReference; lastKnownFileType = sourcecode.swift; path = PlanScheduleView.swift; sourceTree = "<group>"; };
		9E4CF13A2531205E9575D66B /* APIRequest.swift */ = {isa = PBXFileReference; lastKnownFileType = sourcecode.swift; path = APIRequest.swift; sourceTree = "<group>"; };
		A2E5D8994FEA468EC4504CD0 /* Typography.swift */ = {isa = PBXFileReference; lastKnownFileType = sourcecode.swift; path = Typography.swift; sourceTree = "<group>"; };
		A56CE81EAF5FA874DDFE6201 /* CatalogView.swift */ = {isa = PBXFileReference; lastKnownFileType = sourcecode.swift; path = CatalogView.swift; sourceTree = "<group>"; };
		A97D9C4C6794471BA7C75525 /* FFButton.swift */ = {isa = PBXFileReference; lastKnownFileType = sourcecode.swift; path = FFButton.swift; sourceTree = "<group>"; };
		A9E1507216045909C1D3BEF3 /* CacheStore.swift */ = {isa = PBXFileReference; lastKnownFileType = sourcecode.swift; path = CacheStore.swift; sourceTree = "<group>"; };
		AE32622DE77E7E6D8F18CD32 /* StoredAuthTokenProvider.swift */ = {isa = PBXFileReference; lastKnownFileType = sourcecode.swift; path = StoredAuthTokenProvider.swift; sourceTree = "<group>"; };
		B0CE9CC0E1302819C8010358 /* Logging.swift */ = {isa = PBXFileReference; lastKnownFileType = sourcecode.swift; path = Logging.swift; sourceTree = "<group>"; };
		B0CF331419F45FF9802465D8 /* ProgramsClient.swift */ = {isa = PBXFileReference; lastKnownFileType = sourcecode.swift; path = ProgramsClient.swift; sourceTree = "<group>"; };
		B202B94DE2C375FB67F019B3 /* FFTextField.swift */ = {isa = PBXFileReference; lastKnownFileType = sourcecode.swift; path = FFTextField.swift; sourceTree = "<group>"; };
		B61E587FD4EC525652715208 /* MeClient.swift */ = {isa = PBXFileReference; lastKnownFileType = sourcecode.swift; path = MeClient.swift; sourceTree = "<group>"; };
		C7DAB8925BEFB1102F1A545C /* NetworkMonitor.swift */ = {isa = PBXFileReference; lastKnownFileType = sourcecode.swift; path = NetworkMonitor.swift; sourceTree = "<group>"; };
		CAEB6BFF14C57697C73E6CD3 /* RootFeature.swift */ = {isa = PBXFileReference; lastKnownFileType = sourcecode.swift; path = RootFeature.swift; sourceTree = "<group>"; };
		D049FFBF6B3F8E522C058CAA /* APIError.swift */ = {isa = PBXFileReference; lastKnownFileType = sourcecode.swift; path = APIError.swift; sourceTree = "<group>"; };
		D3D152248888DA9E6279DACD /* AthleteProfileClient.swift */ = {isa = PBXFileReference; lastKnownFileType = sourcecode.swift; path = AthleteProfileClient.swift; sourceTree = "<group>"; };
		D45116A2BFE9402EC531FE76 /* Info.plist */ = {isa = PBXFileReference; lastKnownFileType = text.plist; path = Info.plist; sourceTree = "<group>"; };
		D4D6772D2C40BCF7FEB3C45C /* FFCard.swift */ = {isa = PBXFileReference; lastKnownFileType = sourcecode.swift; path = FFCard.swift; sourceTree = "<group>"; };
		D566BB28F7146B5858070BD2 /* ProfileViewModel.swift */ = {isa = PBXFileReference; lastKnownFileType = sourcecode.swift; path = ProfileViewModel.swift; sourceTree = "<group>"; };
		D7ADF6ADDAF5414D4B59CDCA /* QuickWorkoutBuilderView.swift */ = {isa = PBXFileReference; lastKnownFileType = sourcecode.swift; path = QuickWorkoutBuilderView.swift; sourceTree = "<group>"; };
		D9AE3E296D70AF09E7CC6A36 /* ProgramMetadata+Formatting.swift */ = {isa = PBXFileReference; lastKnownFileType = sourcecode.swift; path = "ProgramMetadata+Formatting.swift"; sourceTree = "<group>"; };
		DDDCF672A28D5C4E67F32596 /* HomeView.swift */ = {isa = PBXFileReference; lastKnownFileType = sourcecode.swift; path = HomeView.swift; sourceTree = "<group>"; };
		E190F6607FF86AE368CDC6DC /* FFBadge.swift */ = {isa = PBXFileReference; lastKnownFileType = sourcecode.swift; path = FFBadge.swift; sourceTree = "<group>"; };
		E1984067FE9FCB6709C5D963 /* MockURLProtocol.swift */ = {isa = PBXFileReference; lastKnownFileType = sourcecode.swift; path = MockURLProtocol.swift; sourceTree = "<group>"; };
		E2183400A1DCC3A118320601 /* WorkoutsListView.swift */ = {isa = PBXFileReference; lastKnownFileType = sourcecode.swift; path = WorkoutsListView.swift; sourceTree = "<group>"; };
		E40B5498BB99116B3021C4E4 /* FFEmptyState.swift */ = {isa = PBXFileReference; lastKnownFileType = sourcecode.swift; path = FFEmptyState.swift; sourceTree = "<group>"; };
		E4EE124DB6FA8A5986B4A1F8 /* FFRemoteImage.swift */ = {isa = PBXFileReference; lastKnownFileType = sourcecode.swift; path = FFRemoteImage.swift; sourceTree = "<group>"; };
		E6F716B639AD2AA123C18F3B /* ProfileView.swift */ = {isa = PBXFileReference; lastKnownFileType = sourcecode.swift; path = ProfileView.swift; sourceTree = "<group>"; };
		ED3B939F25D70B624ECD73AC /* APILogger.swift */ = {isa = PBXFileReference; lastKnownFileType = sourcecode.swift; path = APILogger.swift; sourceTree = "<group>"; };
		F2168C23890FEB64360E40A5 /* TrainingHubView.swift */ = {isa = PBXFileReference; lastKnownFileType = sourcecode.swift; path = TrainingHubView.swift; sourceTree = "<group>"; };
		F4BA13F15E04E7DE0985E8C3 /* SessionManager.swift */ = {isa = PBXFileReference; lastKnownFileType = sourcecode.swift; path = SessionManager.swift; sourceTree = "<group>"; };
		F4E83E16D03A9159D9FAC56A /* WorkoutsFeatureAndProgressStoreTests.swift */ = {isa = PBXFileReference; lastKnownFileType = sourcecode.swift; path = WorkoutsFeatureAndProgressStoreTests.swift; sourceTree = "<group>"; };
		F56DB3FDD2708300A0824118 /* CacheStoreTests.swift */ = {isa = PBXFileReference; lastKnownFileType = sourcecode.swift; path = CacheStoreTests.swift; sourceTree = "<group>"; };
		F985AA318869C8870BDA6187 /* DiagnosticsFeature.swift */ = {isa = PBXFileReference; lastKnownFileType = sourcecode.swift; path = DiagnosticsFeature.swift; sourceTree = "<group>"; };
		FA85FC3C009EB05E8D67EE66 /* ProfileModels.swift */ = {isa = PBXFileReference; lastKnownFileType = sourcecode.swift; path = ProfileModels.swift; sourceTree = "<group>"; };
		FD06968D96E5E12F603103BA /* TrainingStore.swift */ = {isa = PBXFileReference; lastKnownFileType = sourcecode.swift; path = TrainingStore.swift; sourceTree = "<group>"; };
		FE69D7DA6EBA76E277ABD6C7 /* CatalogAndProgramDetailsFeatureTests.swift */ = {isa = PBXFileReference; lastKnownFileType = sourcecode.swift; path = CatalogAndProgramDetailsFeatureTests.swift; sourceTree = "<group>"; };
/* End PBXFileReference section */

/* Begin PBXFrameworksBuildPhase section */
		CDD31637A0F7E44D18CAFDFF /* Frameworks */ = {
			isa = PBXFrameworksBuildPhase;
			buildActionMask = 2147483647;
			files = (
				268CC2843BD27BA0CDDE9075 /* ComposableArchitecture in Frameworks */,
				04999B39195137AB9BA71B9A /* AppAuth in Frameworks */,
			);
			runOnlyForDeploymentPostprocessing = 0;
		};
/* End PBXFrameworksBuildPhase section */

/* Begin PBXGroup section */
		056462207202F86E6DDEBFAE /* Training */ = {
			isa = PBXGroup;
			children = (
				D7ADF6ADDAF5414D4B59CDCA /* QuickWorkoutBuilderView.swift */,
				1A5EE0FB696AC968E52E7C79 /* TemplateLibraryView.swift */,
				F2168C23890FEB64360E40A5 /* TrainingHubView.swift */,
				2E16BBE6F885A8F976874EE8 /* TrainingInsightsView.swift */,
				FD06968D96E5E12F603103BA /* TrainingStore.swift */,
			);
			path = Training;
			sourceTree = "<group>";
		};
		0D7CB9670CE34D83248C0D35 /* Configs */ = {
			isa = PBXGroup;
			children = (
				9244A63DF5237F20107DDA2E /* Dev.xcconfig */,
				8B5464E69784604F0C29B39C /* Prod.xcconfig */,
				4BB48B9AF4D57EE8E899CC9E /* Stage.xcconfig */,
			);
			path = Configs;
			sourceTree = "<group>";
		};
		2B8FF2D42D4065D13B51126A /* Diagnostics */ = {
			isa = PBXGroup;
			children = (
				F985AA318869C8870BDA6187 /* DiagnosticsFeature.swift */,
				02FB6451DC5112CB7DE94103 /* DiagnosticsView.swift */,
			);
			path = Diagnostics;
			sourceTree = "<group>";
		};
		359050D49D5EAF580A063193 /* Plan */ = {
			isa = PBXGroup;
			children = (
				98D854DFFDCBED597F3ABAE3 /* PlanScheduleView.swift */,
			);
			path = Plan;
			sourceTree = "<group>";
		};
		407836AD2D7FC169F347D0C9 /* ProgramDetails */ = {
			isa = PBXGroup;
			children = (
				075C9ED6113F50057E609DD0 /* ProgramDetailsView.swift */,
			);
			path = ProgramDetails;
			sourceTree = "<group>";
		};
		4E24CED28C6227B31F799718 /* Onboarding */ = {
			isa = PBXGroup;
			children = (
				0E8CAAC9949B18D9481EB13C /* OnboardingFeature.swift */,
				1203A36F8050A4BC9C2E299F /* OnboardingView.swift */,
			);
			path = Onboarding;
			sourceTree = "<group>";
		};
		52D229C7FDCB08BD69A6AAFA /* Catalog */ = {
			isa = PBXGroup;
			children = (
				A56CE81EAF5FA874DDFE6201 /* CatalogView.swift */,
			);
			path = Catalog;
			sourceTree = "<group>";
		};
		58F67AC41220B348AE247B79 /* Networking */ = {
			isa = PBXGroup;
			children = (
				93591F37ED661EF6B961A5D3 /* APIClient.swift */,
				D049FFBF6B3F8E522C058CAA /* APIError.swift */,
				ED3B939F25D70B624ECD73AC /* APILogger.swift */,
				9E4CF13A2531205E9575D66B /* APIRequest.swift */,
				D3D152248888DA9E6279DACD /* AthleteProfileClient.swift */,
				73D40B15217387B49B13527A /* AuthTokenProvider.swift */,
				14C19E971649693B43AC91DB /* HTTPClient.swift */,
				862F48B6CFE0972C4137CDAF /* InfluencerProfileClient.swift */,
				B61E587FD4EC525652715208 /* MeClient.swift */,
				B0CF331419F45FF9802465D8 /* ProgramsClient.swift */,
			);
			path = Networking;
			sourceTree = "<group>";
		};
		80ACD2B45A2E912217541181 /* Auth */ = {
			isa = PBXGroup;
			children = (
				88082B057D7E001AA79962A9 /* AuthService.swift */,
				5C86524522FD187BCB6065C5 /* OIDCDiscoveryDocument.swift */,
				F4BA13F15E04E7DE0985E8C3 /* SessionManager.swift */,
				AE32622DE77E7E6D8F18CD32 /* StoredAuthTokenProvider.swift */,
				7D5DAA77BFBBF8EB1EE9084A /* TokenSet.swift */,
				3B0C590AD2E0CF52FB2BE38B /* TokenStore.swift */,
			);
			path = Auth;
			sourceTree = "<group>";
		};
		859C07AB354F477587B5FCA6 /* App */ = {
			isa = PBXGroup;
			children = (
				2406C59ACFAD49D5F8BF8FC2 /* FitfluenceApp.swift */,
				D45116A2BFE9402EC531FE76 /* Info.plist */,
				80ACD2B45A2E912217541181 /* Auth */,
				52D229C7FDCB08BD69A6AAFA /* Catalog */,
				AAAC776BF68BD9D9EAA0E275 /* DesignSystem */,
				2B8FF2D42D4065D13B51126A /* Diagnostics */,
				B734C507321EEAA3EBC80B1D /* Home */,
				58F67AC41220B348AE247B79 /* Networking */,
				4E24CED28C6227B31F799718 /* Onboarding */,
				359050D49D5EAF580A063193 /* Plan */,
				B80CE24B14A632EBC7B41B4E /* Profile */,
				407836AD2D7FC169F347D0C9 /* ProgramDetails */,
				D292F30B286489A7E8DBAFB9 /* Root */,
				9CC863E3AD35E5A677BF01A7 /* Storage */,
				8AAD2A15E46772C722633EDA /* Support */,
				056462207202F86E6DDEBFAE /* Training */,
				F6A8F7945D50D0CA6D48B213 /* Workouts */,
			);
			path = App;
			sourceTree = "<group>";
		};
		88E87D442A12759AA8F36A2D /* Products */ = {
			isa = PBXGroup;
			children = (
				274454899BAE117E3568041E /* FitfluenceApp.app */,
				65EE21EADAEB1C46C1227CF6 /* FitfluenceTests.xctest */,
			);
			name = Products;
			sourceTree = "<group>";
		};
		8AAD2A15E46772C722633EDA /* Support */ = {
			isa = PBXGroup;
			children = (
				44A1273CE966730AE3C9922B /* Environment.swift */,
				B0CE9CC0E1302819C8010358 /* Logging.swift */,
				C7DAB8925BEFB1102F1A545C /* NetworkMonitor.swift */,
				967F2EF94A530FC0D94A6D5C /* PreviewMocks.swift */,
				D9AE3E296D70AF09E7CC6A36 /* ProgramMetadata+Formatting.swift */,
				81D801B7204C5B75B701024C /* UserFacingError+API.swift */,
			);
			path = Support;
			sourceTree = "<group>";
		};
		9CC863E3AD35E5A677BF01A7 /* Storage */ = {
			isa = PBXGroup;
			children = (
				A9E1507216045909C1D3BEF3 /* CacheStore.swift */,
			);
			path = Storage;
			sourceTree = "<group>";
		};
		AAAC776BF68BD9D9EAA0E275 /* DesignSystem */ = {
			isa = PBXGroup;
			children = (
				87E0FAD6B3FC785EE59C774B /* Colors.swift */,
				0A3A5018D89BEF09A1424EEF /* Spacing.swift */,
				86189A9947AC753259B89A8D /* Theme.swift */,
				A2E5D8994FEA468EC4504CD0 /* Typography.swift */,
				B204E6A7193CEFDBF07F3B51 /* Components */,
			);
			path = DesignSystem;
			sourceTree = "<group>";
		};
		B204E6A7193CEFDBF07F3B51 /* Components */ = {
			isa = PBXGroup;
			children = (
				E190F6607FF86AE368CDC6DC /* FFBadge.swift */,
				A97D9C4C6794471BA7C75525 /* FFButton.swift */,
				D4D6772D2C40BCF7FEB3C45C /* FFCard.swift */,
				E40B5498BB99116B3021C4E4 /* FFEmptyState.swift */,
				151CCFD42F23601C4661B789 /* FFErrorState.swift */,
				2C571FBEBDFDA288B1E05B14 /* FFLoadingState.swift */,
				E4EE124DB6FA8A5986B4A1F8 /* FFRemoteImage.swift */,
				B202B94DE2C375FB67F019B3 /* FFTextField.swift */,
			);
			path = Components;
			sourceTree = "<group>";
		};
		B734C507321EEAA3EBC80B1D /* Home */ = {
			isa = PBXGroup;
			children = (
				DDDCF672A28D5C4E67F32596 /* HomeView.swift */,
			);
			path = Home;
			sourceTree = "<group>";
		};
		B80CE24B14A632EBC7B41B4E /* Profile */ = {
			isa = PBXGroup;
			children = (
				0D6D04C74DE23C15A1CF9745 /* DataAndOfflineView.swift */,
				50FF6814BEAD2D555129739F /* DiagnosticsProvider.swift */,
				64143FD02B2501B96BD88680 /* HelpAndDiagnosticsView.swift */,
				FA85FC3C009EB05E8D67EE66 /* ProfileModels.swift */,
				3D19C750F8279778F532FB96 /* ProfileSettingsStore.swift */,
				E6F716B639AD2AA123C18F3B /* ProfileView.swift */,
				D566BB28F7146B5858070BD2 /* ProfileViewModel.swift */,
				0969AE8DCBC8CC20AB132913 /* WorkoutSettingsView.swift */,
			);
			path = Profile;
			sourceTree = "<group>";
		};
		C61D88E577A786ED0C1385C5 /* Tests */ = {
			isa = PBXGroup;
			children = (
				4E282B8F338673539A3669DB /* AuthAndSessionFlowTests.swift */,
				F56DB3FDD2708300A0824118 /* CacheStoreTests.swift */,
				FE69D7DA6EBA76E277ABD6C7 /* CatalogAndProgramDetailsFeatureTests.swift */,
				94FD710E5EFA916159BCCE7D /* DesignSystemTests.swift */,
				E1984067FE9FCB6709C5D963 /* MockURLProtocol.swift */,
				59F8273C6875008A5C9A3300 /* NetworkingTests.swift */,
				329834B4D1A96F4EA44A775F /* OIDCAndTokenStoreTests.swift */,
				5413D44EC8006C41BACCA576 /* TrainingStoreTests.swift */,
				F4E83E16D03A9159D9FAC56A /* WorkoutsFeatureAndProgressStoreTests.swift */,
			);
			path = Tests;
			sourceTree = "<group>";
		};
		D292F30B286489A7E8DBAFB9 /* Root */ = {
			isa = PBXGroup;
			children = (
				CAEB6BFF14C57697C73E6CD3 /* RootFeature.swift */,
				870E9DD10FEBC22074CF71BA /* RootView.swift */,
			);
			path = Root;
			sourceTree = "<group>";
		};
		D8483A9F23B30991585174C3 = {
			isa = PBXGroup;
			children = (
				859C07AB354F477587B5FCA6 /* App */,
				0D7CB9670CE34D83248C0D35 /* Configs */,
				C61D88E577A786ED0C1385C5 /* Tests */,
				88E87D442A12759AA8F36A2D /* Products */,
			);
			sourceTree = "<group>";
		};
		F6A8F7945D50D0CA6D48B213 /* Workouts */ = {
			isa = PBXGroup;
			children = (
				415ABAB15959835E84390C9B /* ProgressStore.swift */,
				80D4B8754AB2E901312C854C /* WorkoutPlayerView.swift */,
				7EEDCA84EDE9877A99455D47 /* WorkoutsClient.swift */,
				E2183400A1DCC3A118320601 /* WorkoutsListView.swift */,
			);
			path = Workouts;
			sourceTree = "<group>";
		};
/* End PBXGroup section */

/* Begin PBXNativeTarget section */
		63BC2FB100CE8AF04B7027CA /* FitfluenceTests */ = {
			isa = PBXNativeTarget;
			buildConfigurationList = 64CDBB74EC3FB63664C8D647 /* Build configuration list for PBXNativeTarget "FitfluenceTests" */;
			buildPhases = (
				8E33643F97ECEB9F1F2E44EA /* Sources */,
			);
			buildRules = (
			);
			dependencies = (
				4D5347E1F40C472962070217 /* PBXTargetDependency */,
			);
			name = FitfluenceTests;
			packageProductDependencies = (
			);
			productName = FitfluenceTests;
			productReference = 65EE21EADAEB1C46C1227CF6 /* FitfluenceTests.xctest */;
			productType = "com.apple.product-type.bundle.unit-test";
		};
		97EC3E4C23CB2A83536869EE /* FitfluenceApp */ = {
			isa = PBXNativeTarget;
			buildConfigurationList = 365A57E9C02065B065F60FD0 /* Build configuration list for PBXNativeTarget "FitfluenceApp" */;
			buildPhases = (
				6A93BA49EBA02A580FF0B680 /* Sources */,
				CDD31637A0F7E44D18CAFDFF /* Frameworks */,
			);
			buildRules = (
			);
			dependencies = (
			);
			name = FitfluenceApp;
			packageProductDependencies = (
				CF92C8BF8645F9BA258E283B /* ComposableArchitecture */,
				6BE6FBF509B0BB844E656549 /* AppAuth */,
			);
			productName = FitfluenceApp;
			productReference = 274454899BAE117E3568041E /* FitfluenceApp.app */;
			productType = "com.apple.product-type.application";
		};
/* End PBXNativeTarget section */

/* Begin PBXProject section */
		72645444D6D11CF9F869745D /* Project object */ = {
			isa = PBXProject;
			attributes = {
				BuildIndependentTargetsInParallel = YES;
				LastUpgradeCheck = 1430;
				TargetAttributes = {
					97EC3E4C23CB2A83536869EE = {
						DevelopmentTeam = "";
						ProvisioningStyle = Automatic;
					};
				};
			};
			buildConfigurationList = 6E3E84CAF377BD7520FC274A /* Build configuration list for PBXProject "Fitfluence" */;
			compatibilityVersion = "Xcode 14.0";
			developmentRegion = en;
			hasScannedForEncodings = 0;
			knownRegions = (
				Base,
				en,
			);
			mainGroup = D8483A9F23B30991585174C3;
			minimizedProjectReferenceProxies = 1;
			packageReferences = (
				080986477868F448E7815FB3 /* XCRemoteSwiftPackageReference "AppAuth-iOS" */,
				1B554A44E2195B8050B95C49 /* XCRemoteSwiftPackageReference "swift-composable-architecture" */,
			);
			preferredProjectObjectVersion = 77;
			projectDirPath = "";
			projectRoot = "";
			targets = (
				97EC3E4C23CB2A83536869EE /* FitfluenceApp */,
				63BC2FB100CE8AF04B7027CA /* FitfluenceTests */,
			);
		};
/* End PBXProject section */

/* Begin PBXSourcesBuildPhase section */
		6A93BA49EBA02A580FF0B680 /* Sources */ = {
			isa = PBXSourcesBuildPhase;
			buildActionMask = 2147483647;
			files = (
				45E466356D6C79571D6512DF /* APIClient.swift in Sources */,
				A7468B42E0564F56E4DEA037 /* APIError.swift in Sources */,
				553A3B4DA2F534094E3AA5C8 /* APILogger.swift in Sources */,
				0AF9ACEEACEF5516F5A125FC /* APIRequest.swift in Sources */,
				AB5CB6D21AA03EE03C7DF1D1 /* AthleteProfileClient.swift in Sources */,
				CB6448969D574D903A200B23 /* AuthService.swift in Sources */,
				28A1BACADED54018734A2488 /* AuthTokenProvider.swift in Sources */,
				9BA85066DCAEF7E479AEA974 /* CacheStore.swift in Sources */,
				3FA3EB4628A444E086A3F7CB /* CatalogView.swift in Sources */,
				2446FADE5A6601002AB8A61D /* Colors.swift in Sources */,
				0BD75B053CAE785680A0D197 /* DataAndOfflineView.swift in Sources */,
				DE67CA63B6CB763CE7FF9FD8 /* DiagnosticsFeature.swift in Sources */,
				7D795EB4253C3CBEBB64D77C /* DiagnosticsProvider.swift in Sources */,
				B9F03E8D15122E06EEABC9B3 /* DiagnosticsView.swift in Sources */,
				849A338E87813F3C4CB7BF03 /* Environment.swift in Sources */,
				659A792308E4E63241F9DE2C /* FFBadge.swift in Sources */,
				D0381F8271688F1DD55ECF64 /* FFButton.swift in Sources */,
				F12AF47E2E6A7061D391E5F6 /* FFCard.swift in Sources */,
				D0EDEA7F9D27535EA83A0F26 /* FFEmptyState.swift in Sources */,
				47666B7411F0CE528FE8B1F4 /* FFErrorState.swift in Sources */,
				5C6A1DDAACA62605B0E42581 /* FFLoadingState.swift in Sources */,
				D7932E90DA35D8CD26261D66 /* FFRemoteImage.swift in Sources */,
				F540D452CC4979E1CE3FDFED /* FFTextField.swift in Sources */,
				C091B3E8CBC8FB1F8ABFDC95 /* FitfluenceApp.swift in Sources */,
				A894EEF1CB87660C0CDB9600 /* HTTPClient.swift in Sources */,
				AD673F24856A7870636DB1E4 /* HelpAndDiagnosticsView.swift in Sources */,
				80DA7B6D97E76CD158F61AA2 /* HomeView.swift in Sources */,
				5E6EF9DDF511ED6E69C44691 /* InfluencerProfileClient.swift in Sources */,
				06931F2CD054F4E2CB1A73B4 /* Logging.swift in Sources */,
				B1D4335E51D0FCAC21C8DB80 /* MeClient.swift in Sources */,
				440F3C70D933310A3BCB95A0 /* NetworkMonitor.swift in Sources */,
				BC078A680755A39631921FB9 /* OIDCDiscoveryDocument.swift in Sources */,
				1AB57DA5730C1782367D6BE4 /* OnboardingFeature.swift in Sources */,
				43CA0760499D122198F6FA3B /* OnboardingView.swift in Sources */,
				BF014B2F8342FD309DD69B06 /* PlanScheduleView.swift in Sources */,
				302383A11BF7E3A6A2017B59 /* PreviewMocks.swift in Sources */,
				5242DDCD1DA66FFEEDC0015E /* ProfileModels.swift in Sources */,
				D21F342597E982EA8F1527B6 /* ProfileSettingsStore.swift in Sources */,
				3D4D395035704708BEAB49E2 /* ProfileView.swift in Sources */,
				07E691D96D97DC67191332E6 /* ProfileViewModel.swift in Sources */,
				2C1FC3EF8C6F16B005027DF1 /* ProgramDetailsView.swift in Sources */,
				CC8868B57E06833805945E7C /* ProgramMetadata+Formatting.swift in Sources */,
				7BC195B6A8FE68F18A9E8127 /* ProgramsClient.swift in Sources */,
				C2DCB05753276584C7BFA617 /* ProgressStore.swift in Sources */,
				0CFE26D86AB1FDFEB7ADDBB6 /* QuickWorkoutBuilderView.swift in Sources */,
				BE14E4CFB655557D8C529CDF /* RootFeature.swift in Sources */,
				24A48678A501B841969AB1EC /* RootView.swift in Sources */,
				B2EFCC6EFBC62E64F826EFDB /* SessionManager.swift in Sources */,
				C3535BA80F21F23FCA8AE684 /* Spacing.swift in Sources */,
				FE01694F22BC7CAF07E8763B /* StoredAuthTokenProvider.swift in Sources */,
				D34BBA531B3DE3454AA05356 /* TemplateLibraryView.swift in Sources */,
				B68CFEB25BF04441A03234E5 /* Theme.swift in Sources */,
				D69C1CB30BD7205B98ECCCC3 /* TokenSet.swift in Sources */,
				C32507921BC5A60036A562D7 /* TokenStore.swift in Sources */,
				037DA4B0A17D3A336DF64827 /* TrainingHubView.swift in Sources */,
				B3A6C32678411ED371703D18 /* TrainingInsightsView.swift in Sources */,
				F67E9F2C45A40F855D4E42AB /* TrainingStore.swift in Sources */,
				1D7E67CC678EE15C79E3AB96 /* Typography.swift in Sources */,
				C60592699CEFB013D65622F0 /* UserFacingError+API.swift in Sources */,
				A1788B18CB78B7660191A722 /* WorkoutPlayerView.swift in Sources */,
				C02072FD6DB6B3A191B83CB8 /* WorkoutSettingsView.swift in Sources */,
				FD5872540E3199A7CB90B578 /* WorkoutsClient.swift in Sources */,
				311CA55C4D9E860BDCEF21B9 /* WorkoutsListView.swift in Sources */,
			);
			runOnlyForDeploymentPostprocessing = 0;
		};
		8E33643F97ECEB9F1F2E44EA /* Sources */ = {
			isa = PBXSourcesBuildPhase;
			buildActionMask = 2147483647;
			files = (
				68E89882A51C1B39345D7DEE /* AuthAndSessionFlowTests.swift in Sources */,
				AAAA98F84F7E07A8050F518F /* CacheStoreTests.swift in Sources */,
				F128A068B4197FBB8CFCD9B0 /* CatalogAndProgramDetailsFeatureTests.swift in Sources */,
				F8D8480922CC1CB246C5C711 /* DesignSystemTests.swift in Sources */,
				52FBBDB2F37E77D2C7143EBA /* MockURLProtocol.swift in Sources */,
				BAE62E7712F38E9F49845685 /* NetworkingTests.swift in Sources */,
				8D8127A6EF2465DFDE792FAD /* OIDCAndTokenStoreTests.swift in Sources */,
				13A18B1EF9CA176E069703E6 /* TrainingStoreTests.swift in Sources */,
				2F222A6AB61570B975628D77 /* WorkoutsFeatureAndProgressStoreTests.swift in Sources */,
			);
			runOnlyForDeploymentPostprocessing = 0;
		};
/* End PBXSourcesBuildPhase section */

/* Begin PBXTargetDependency section */
		4D5347E1F40C472962070217 /* PBXTargetDependency */ = {
			isa = PBXTargetDependency;
			target = 97EC3E4C23CB2A83536869EE /* FitfluenceApp */;
			targetProxy = 9774CFC48F26E88E8557B1B7 /* PBXContainerItemProxy */;
		};
/* End PBXTargetDependency section */

/* Begin XCBuildConfiguration section */
		0A70EB44F2F2AFACF0162AD3 /* Prod */ = {
			isa = XCBuildConfiguration;
			baseConfigurationReference = 8B5464E69784604F0C29B39C /* Prod.xcconfig */;
			buildSettings = {
				ASSETCATALOG_COMPILER_APPICON_NAME = AppIcon;
				CODE_SIGN_IDENTITY = "iPhone Developer";
				CODE_SIGN_STYLE = Automatic;
				CURRENT_PROJECT_VERSION = 1;
				DEVELOPMENT_TEAM = "";
				GENERATE_INFOPLIST_FILE = NO;
				INFOPLIST_FILE = App/Info.plist;
				IPHONEOS_DEPLOYMENT_TARGET = 17.0;
				LD_RUNPATH_SEARCH_PATHS = (
					"$(inherited)",
					"@executable_path/Frameworks",
				);
				MARKETING_VERSION = 1.0;
				PRODUCT_BUNDLE_IDENTIFIER = com.fitfluence.ios;
				PRODUCT_NAME = FitfluenceApp;
				SDKROOT = iphoneos;
				SWIFT_VERSION = 5.1;
				TARGETED_DEVICE_FAMILY = "1,2";
			};
			name = Prod;
		};
		5553699BC8C39F2E212889FF /* Stage */ = {
			isa = XCBuildConfiguration;
			buildSettings = {
				ALWAYS_SEARCH_USER_PATHS = NO;
				CLANG_ANALYZER_NONNULL = YES;
				CLANG_ANALYZER_NUMBER_OBJECT_CONVERSION = YES_AGGRESSIVE;
				CLANG_CXX_LANGUAGE_STANDARD = "gnu++14";
				CLANG_CXX_LIBRARY = "libc++";
				CLANG_ENABLE_MODULES = YES;
				CLANG_ENABLE_OBJC_ARC = YES;
				CLANG_ENABLE_OBJC_WEAK = YES;
				CLANG_WARN_BLOCK_CAPTURE_AUTORELEASING = YES;
				CLANG_WARN_BOOL_CONVERSION = YES;
				CLANG_WARN_COMMA = YES;
				CLANG_WARN_CONSTANT_CONVERSION = YES;
				CLANG_WARN_DEPRECATED_OBJC_IMPLEMENTATIONS = YES;
				CLANG_WARN_DIRECT_OBJC_ISA_USAGE = YES_ERROR;
				CLANG_WARN_DOCUMENTATION_COMMENTS = YES;
				CLANG_WARN_EMPTY_BODY = YES;
				CLANG_WARN_ENUM_CONVERSION = YES;
				CLANG_WARN_INFINITE_RECURSION = YES;
				CLANG_WARN_INT_CONVERSION = YES;
				CLANG_WARN_NON_LITERAL_NULL_CONVERSION = YES;
				CLANG_WARN_OBJC_IMPLICIT_RETAIN_SELF = YES;
				CLANG_WARN_OBJC_LITERAL_CONVERSION = YES;
				CLANG_WARN_OBJC_ROOT_CLASS = YES_ERROR;
				CLANG_WARN_QUOTED_INCLUDE_IN_FRAMEWORK_HEADER = YES;
				CLANG_WARN_RANGE_LOOP_ANALYSIS = YES;
				CLANG_WARN_STRICT_PROTOTYPES = YES;
				CLANG_WARN_SUSPICIOUS_MOVE = YES;
				CLANG_WARN_UNGUARDED_AVAILABILITY = YES_AGGRESSIVE;
				CLANG_WARN_UNREACHABLE_CODE = YES;
				CLANG_WARN__DUPLICATE_METHOD_MATCH = YES;
				COPY_PHASE_STRIP = NO;
				DEBUG_INFORMATION_FORMAT = "dwarf-with-dsym";
				ENABLE_NS_ASSERTIONS = NO;
				ENABLE_STRICT_OBJC_MSGSEND = YES;
				GCC_C_LANGUAGE_STANDARD = gnu11;
				GCC_NO_COMMON_BLOCKS = YES;
				GCC_WARN_64_TO_32_BIT_CONVERSION = YES;
				GCC_WARN_ABOUT_RETURN_TYPE = YES_ERROR;
				GCC_WARN_UNDECLARED_SELECTOR = YES;
				GCC_WARN_UNINITIALIZED_AUTOS = YES_AGGRESSIVE;
				GCC_WARN_UNUSED_FUNCTION = YES;
				GCC_WARN_UNUSED_VARIABLE = YES;
				IPHONEOS_DEPLOYMENT_TARGET = 17.0;
				MTL_ENABLE_DEBUG_INFO = NO;
				MTL_FAST_MATH = YES;
				PRODUCT_NAME = "$(TARGET_NAME)";
				SDKROOT = iphoneos;
				SWIFT_COMPILATION_MODE = wholemodule;
				SWIFT_OPTIMIZATION_LEVEL = "-O";
				SWIFT_VERSION = 5.0;
			};
			name = Stage;
		};
		776C024BDFFB61D6BA0F741E /* Prod */ = {
			isa = XCBuildConfiguration;
			baseConfigurationReference = 8B5464E69784604F0C29B39C /* Prod.xcconfig */;
			buildSettings = {
				BUNDLE_LOADER = "$(TEST_HOST)";
				GENERATE_INFOPLIST_FILE = YES;
				IPHONEOS_DEPLOYMENT_TARGET = 17.0;
				LD_RUNPATH_SEARCH_PATHS = (
					"$(inherited)",
					"@executable_path/Frameworks",
					"@loader_path/Frameworks",
				);
				PRODUCT_BUNDLE_IDENTIFIER = com.fitfluence.ios.tests;
				SDKROOT = iphoneos;
				TARGETED_DEVICE_FAMILY = "1,2";
				TEST_HOST = "$(BUILT_PRODUCTS_DIR)/FitfluenceApp.app/FitfluenceApp";
			};
			name = Prod;
		};
		82CF90DF6665312E93544553 /* Stage */ = {
			isa = XCBuildConfiguration;
			baseConfigurationReference = 4BB48B9AF4D57EE8E899CC9E /* Stage.xcconfig */;
			buildSettings = {
				BUNDLE_LOADER = "$(TEST_HOST)";
				GENERATE_INFOPLIST_FILE = YES;
				IPHONEOS_DEPLOYMENT_TARGET = 17.0;
				LD_RUNPATH_SEARCH_PATHS = (
					"$(inherited)",
					"@executable_path/Frameworks",
					"@loader_path/Frameworks",
				);
				PRODUCT_BUNDLE_IDENTIFIER = com.fitfluence.ios.tests;
				SDKROOT = iphoneos;
				TARGETED_DEVICE_FAMILY = "1,2";
				TEST_HOST = "$(BUILT_PRODUCTS_DIR)/FitfluenceApp.app/FitfluenceApp";
			};
			name = Stage;
		};
		90803C2F95682A702B9E84FF /* Dev */ = {
			isa = XCBuildConfiguration;
			baseConfigurationReference = 9244A63DF5237F20107DDA2E /* Dev.xcconfig */;
			buildSettings = {
				ASSETCATALOG_COMPILER_APPICON_NAME = AppIcon;
				CODE_SIGN_IDENTITY = "iPhone Developer";
				CODE_SIGN_STYLE = Automatic;
				CURRENT_PROJECT_VERSION = 1;
				DEVELOPMENT_TEAM = "";
				GENERATE_INFOPLIST_FILE = NO;
				INFOPLIST_FILE = App/Info.plist;
				IPHONEOS_DEPLOYMENT_TARGET = 17.0;
				LD_RUNPATH_SEARCH_PATHS = (
					"$(inherited)",
					"@executable_path/Frameworks",
				);
				MARKETING_VERSION = 1.0;
				PRODUCT_BUNDLE_IDENTIFIER = com.fitfluence.ios;
				PRODUCT_NAME = FitfluenceApp;
				SDKROOT = iphoneos;
				SWIFT_VERSION = 5.1;
				TARGETED_DEVICE_FAMILY = "1,2";
			};
			name = Dev;
		};
		93395F07439452D9A6D24909 /* Prod */ = {
			isa = XCBuildConfiguration;
			buildSettings = {
				ALWAYS_SEARCH_USER_PATHS = NO;
				CLANG_ANALYZER_NONNULL = YES;
				CLANG_ANALYZER_NUMBER_OBJECT_CONVERSION = YES_AGGRESSIVE;
				CLANG_CXX_LANGUAGE_STANDARD = "gnu++14";
				CLANG_CXX_LIBRARY = "libc++";
				CLANG_ENABLE_MODULES = YES;
				CLANG_ENABLE_OBJC_ARC = YES;
				CLANG_ENABLE_OBJC_WEAK = YES;
				CLANG_WARN_BLOCK_CAPTURE_AUTORELEASING = YES;
				CLANG_WARN_BOOL_CONVERSION = YES;
				CLANG_WARN_COMMA = YES;
				CLANG_WARN_CONSTANT_CONVERSION = YES;
				CLANG_WARN_DEPRECATED_OBJC_IMPLEMENTATIONS = YES;
				CLANG_WARN_DIRECT_OBJC_ISA_USAGE = YES_ERROR;
				CLANG_WARN_DOCUMENTATION_COMMENTS = YES;
				CLANG_WARN_EMPTY_BODY = YES;
				CLANG_WARN_ENUM_CONVERSION = YES;
				CLANG_WARN_INFINITE_RECURSION = YES;
				CLANG_WARN_INT_CONVERSION = YES;
				CLANG_WARN_NON_LITERAL_NULL_CONVERSION = YES;
				CLANG_WARN_OBJC_IMPLICIT_RETAIN_SELF = YES;
				CLANG_WARN_OBJC_LITERAL_CONVERSION = YES;
				CLANG_WARN_OBJC_ROOT_CLASS = YES_ERROR;
				CLANG_WARN_QUOTED_INCLUDE_IN_FRAMEWORK_HEADER = YES;
				CLANG_WARN_RANGE_LOOP_ANALYSIS = YES;
				CLANG_WARN_STRICT_PROTOTYPES = YES;
				CLANG_WARN_SUSPICIOUS_MOVE = YES;
				CLANG_WARN_UNGUARDED_AVAILABILITY = YES_AGGRESSIVE;
				CLANG_WARN_UNREACHABLE_CODE = YES;
				CLANG_WARN__DUPLICATE_METHOD_MATCH = YES;
				COPY_PHASE_STRIP = NO;
				DEBUG_INFORMATION_FORMAT = "dwarf-with-dsym";
				ENABLE_NS_ASSERTIONS = NO;
				ENABLE_STRICT_OBJC_MSGSEND = YES;
				GCC_C_LANGUAGE_STANDARD = gnu11;
				GCC_NO_COMMON_BLOCKS = YES;
				GCC_WARN_64_TO_32_BIT_CONVERSION = YES;
				GCC_WARN_ABOUT_RETURN_TYPE = YES_ERROR;
				GCC_WARN_UNDECLARED_SELECTOR = YES;
				GCC_WARN_UNINITIALIZED_AUTOS = YES_AGGRESSIVE;
				GCC_WARN_UNUSED_FUNCTION = YES;
				GCC_WARN_UNUSED_VARIABLE = YES;
				IPHONEOS_DEPLOYMENT_TARGET = 17.0;
				MTL_ENABLE_DEBUG_INFO = NO;
				MTL_FAST_MATH = YES;
				PRODUCT_NAME = "$(TARGET_NAME)";
				SDKROOT = iphoneos;
				SWIFT_COMPILATION_MODE = wholemodule;
				SWIFT_OPTIMIZATION_LEVEL = "-O";
				SWIFT_VERSION = 5.0;
			};
			name = Prod;
		};
		B8607B3D6304C6123A192317 /* Dev */ = {
			isa = XCBuildConfiguration;
			baseConfigurationReference = 9244A63DF5237F20107DDA2E /* Dev.xcconfig */;
			buildSettings = {
				BUNDLE_LOADER = "$(TEST_HOST)";
				GENERATE_INFOPLIST_FILE = YES;
				IPHONEOS_DEPLOYMENT_TARGET = 17.0;
				LD_RUNPATH_SEARCH_PATHS = (
					"$(inherited)",
					"@executable_path/Frameworks",
					"@loader_path/Frameworks",
				);
				PRODUCT_BUNDLE_IDENTIFIER = com.fitfluence.ios.tests;
				SDKROOT = iphoneos;
				TARGETED_DEVICE_FAMILY = "1,2";
				TEST_HOST = "$(BUILT_PRODUCTS_DIR)/FitfluenceApp.app/FitfluenceApp";
			};
			name = Dev;
		};
		C5608EC87744DF422979557B /* Dev */ = {
			isa = XCBuildConfiguration;
			buildSettings = {
				ALWAYS_SEARCH_USER_PATHS = NO;
				CLANG_ANALYZER_NONNULL = YES;
				CLANG_ANALYZER_NUMBER_OBJECT_CONVERSION = YES_AGGRESSIVE;
				CLANG_CXX_LANGUAGE_STANDARD = "gnu++14";
				CLANG_CXX_LIBRARY = "libc++";
				CLANG_ENABLE_MODULES = YES;
				CLANG_ENABLE_OBJC_ARC = YES;
				CLANG_ENABLE_OBJC_WEAK = YES;
				CLANG_WARN_BLOCK_CAPTURE_AUTORELEASING = YES;
				CLANG_WARN_BOOL_CONVERSION = YES;
				CLANG_WARN_COMMA = YES;
				CLANG_WARN_CONSTANT_CONVERSION = YES;
				CLANG_WARN_DEPRECATED_OBJC_IMPLEMENTATIONS = YES;
				CLANG_WARN_DIRECT_OBJC_ISA_USAGE = YES_ERROR;
				CLANG_WARN_DOCUMENTATION_COMMENTS = YES;
				CLANG_WARN_EMPTY_BODY = YES;
				CLANG_WARN_ENUM_CONVERSION = YES;
				CLANG_WARN_INFINITE_RECURSION = YES;
				CLANG_WARN_INT_CONVERSION = YES;
				CLANG_WARN_NON_LITERAL_NULL_CONVERSION = YES;
				CLANG_WARN_OBJC_IMPLICIT_RETAIN_SELF = YES;
				CLANG_WARN_OBJC_LITERAL_CONVERSION = YES;
				CLANG_WARN_OBJC_ROOT_CLASS = YES_ERROR;
				CLANG_WARN_QUOTED_INCLUDE_IN_FRAMEWORK_HEADER = YES;
				CLANG_WARN_RANGE_LOOP_ANALYSIS = YES;
				CLANG_WARN_STRICT_PROTOTYPES = YES;
				CLANG_WARN_SUSPICIOUS_MOVE = YES;
				CLANG_WARN_UNGUARDED_AVAILABILITY = YES_AGGRESSIVE;
				CLANG_WARN_UNREACHABLE_CODE = YES;
				CLANG_WARN__DUPLICATE_METHOD_MATCH = YES;
				COPY_PHASE_STRIP = NO;
				DEBUG_INFORMATION_FORMAT = dwarf;
				ENABLE_STRICT_OBJC_MSGSEND = YES;
				ENABLE_TESTABILITY = YES;
				GCC_C_LANGUAGE_STANDARD = gnu11;
				GCC_DYNAMIC_NO_PIC = NO;
				GCC_NO_COMMON_BLOCKS = YES;
				GCC_OPTIMIZATION_LEVEL = 0;
				GCC_PREPROCESSOR_DEFINITIONS = (
					"$(inherited)",
					"DEBUG=1",
				);
				GCC_WARN_64_TO_32_BIT_CONVERSION = YES;
				GCC_WARN_ABOUT_RETURN_TYPE = YES_ERROR;
				GCC_WARN_UNDECLARED_SELECTOR = YES;
				GCC_WARN_UNINITIALIZED_AUTOS = YES_AGGRESSIVE;
				GCC_WARN_UNUSED_FUNCTION = YES;
				GCC_WARN_UNUSED_VARIABLE = YES;
				IPHONEOS_DEPLOYMENT_TARGET = 17.0;
				MTL_ENABLE_DEBUG_INFO = INCLUDE_SOURCE;
				MTL_FAST_MATH = YES;
				ONLY_ACTIVE_ARCH = YES;
				PRODUCT_NAME = "$(TARGET_NAME)";
				SDKROOT = iphoneos;
				SWIFT_ACTIVE_COMPILATION_CONDITIONS = DEBUG;
				SWIFT_OPTIMIZATION_LEVEL = "-Onone";
				SWIFT_VERSION = 5.0;
			};
			name = Dev;
		};
		D79080B958AB9061686E3680 /* Stage */ = {
			isa = XCBuildConfiguration;
			baseConfigurationReference = 4BB48B9AF4D57EE8E899CC9E /* Stage.xcconfig */;
			buildSettings = {
				ASSETCATALOG_COMPILER_APPICON_NAME = AppIcon;
				CODE_SIGN_IDENTITY = "iPhone Developer";
				CODE_SIGN_STYLE = Automatic;
				CURRENT_PROJECT_VERSION = 1;
				DEVELOPMENT_TEAM = "";
				GENERATE_INFOPLIST_FILE = NO;
				INFOPLIST_FILE = App/Info.plist;
				IPHONEOS_DEPLOYMENT_TARGET = 17.0;
				LD_RUNPATH_SEARCH_PATHS = (
					"$(inherited)",
					"@executable_path/Frameworks",
				);
				MARKETING_VERSION = 1.0;
				PRODUCT_BUNDLE_IDENTIFIER = com.fitfluence.ios;
				PRODUCT_NAME = FitfluenceApp;
				SDKROOT = iphoneos;
				SWIFT_VERSION = 5.1;
				TARGETED_DEVICE_FAMILY = "1,2";
			};
			name = Stage;
		};
/* End XCBuildConfiguration section */

/* Begin XCConfigurationList section */
		365A57E9C02065B065F60FD0 /* Build configuration list for PBXNativeTarget "FitfluenceApp" */ = {
			isa = XCConfigurationList;
			buildConfigurations = (
				90803C2F95682A702B9E84FF /* Dev */,
				0A70EB44F2F2AFACF0162AD3 /* Prod */,
				D79080B958AB9061686E3680 /* Stage */,
			);
			defaultConfigurationIsVisible = 0;
			defaultConfigurationName = Dev;
		};
		64CDBB74EC3FB63664C8D647 /* Build configuration list for PBXNativeTarget "FitfluenceTests" */ = {
			isa = XCConfigurationList;
			buildConfigurations = (
				B8607B3D6304C6123A192317 /* Dev */,
				776C024BDFFB61D6BA0F741E /* Prod */,
				82CF90DF6665312E93544553 /* Stage */,
			);
			defaultConfigurationIsVisible = 0;
			defaultConfigurationName = Dev;
		};
		6E3E84CAF377BD7520FC274A /* Build configuration list for PBXProject "Fitfluence" */ = {
			isa = XCConfigurationList;
			buildConfigurations = (
				C5608EC87744DF422979557B /* Dev */,
				93395F07439452D9A6D24909 /* Prod */,
				5553699BC8C39F2E212889FF /* Stage */,
			);
			defaultConfigurationIsVisible = 0;
			defaultConfigurationName = Dev;
		};
/* End XCConfigurationList section */

/* Begin XCRemoteSwiftPackageReference section */
		080986477868F448E7815FB3 /* XCRemoteSwiftPackageReference "AppAuth-iOS" */ = {
			isa = XCRemoteSwiftPackageReference;
			repositoryURL = "https://github.com/openid/AppAuth-iOS";
			requirement = {
				kind = upToNextMajorVersion;
				minimumVersion = 1.7.6;
			};
		};
		1B554A44E2195B8050B95C49 /* XCRemoteSwiftPackageReference "swift-composable-architecture" */ = {
			isa = XCRemoteSwiftPackageReference;
			repositoryURL = "https://github.com/pointfreeco/swift-composable-architecture";
			requirement = {
				kind = upToNextMajorVersion;
				minimumVersion = 1.10.0;
			};
		};
/* End XCRemoteSwiftPackageReference section */

/* Begin XCSwiftPackageProductDependency section */
		6BE6FBF509B0BB844E656549 /* AppAuth */ = {
			isa = XCSwiftPackageProductDependency;
			package = 080986477868F448E7815FB3 /* XCRemoteSwiftPackageReference "AppAuth-iOS" */;
			productName = AppAuth;
		};
		CF92C8BF8645F9BA258E283B /* ComposableArchitecture */ = {
			isa = XCSwiftPackageProductDependency;
			package = 1B554A44E2195B8050B95C49 /* XCRemoteSwiftPackageReference "swift-composable-architecture" */;
			productName = ComposableArchitecture;
		};
/* End XCSwiftPackageProductDependency section */
	};
	rootObject = 72645444D6D11CF9F869745D /* Project object */;
}
