// !$*UTF8*$!
{
	archiveVersion = 1;
	classes = {
	};
	objectVersion = 77;
	objects = {

/* Begin PBXBuildFile section */
		24A48678A501B841969AB1EC /* RootView.swift in Sources */ = {isa = PBXBuildFile; fileRef = 870E9DD10FEBC22074CF71BA /* RootView.swift */; };
		268CC2843BD27BA0CDDE9075 /* ComposableArchitecture in Frameworks */ = {isa = PBXBuildFile; productRef = CF92C8BF8645F9BA258E283B /* ComposableArchitecture */; };
		BE14E4CFB655557D8C529CDF /* RootFeature.swift in Sources */ = {isa = PBXBuildFile; fileRef = CAEB6BFF14C57697C73E6CD3 /* RootFeature.swift */; };
		C091B3E8CBC8FB1F8ABFDC95 /* FitfluenceApp.swift in Sources */ = {isa = PBXBuildFile; fileRef = 2406C59ACFAD49D5F8BF8FC2 /* FitfluenceApp.swift */; };
/* End PBXBuildFile section */

/* Begin PBXContainerItemProxy section */
		9774CFC48F26E88E8557B1B7 /* PBXContainerItemProxy */ = {
			isa = PBXContainerItemProxy;
			containerPortal = 72645444D6D11CF9F869745D /* Project object */;
			proxyType = 1;
			remoteGlobalIDString = 97EC3E4C23CB2A83536869EE;
			remoteInfo = FitfluenceApp;
		};
/* End PBXContainerItemProxy section */

/* Begin PBXFileReference section */
		2406C59ACFAD49D5F8BF8FC2 /* FitfluenceApp.swift */ = {isa = PBXFileReference; lastKnownFileType = sourcecode.swift; path = FitfluenceApp.swift; sourceTree = "<group>"; };
		274454899BAE117E3568041E /* FitfluenceApp.app */ = {isa = PBXFileReference; includeInIndex = 0; lastKnownFileType = wrapper.application; path = FitfluenceApp.app; sourceTree = BUILT_PRODUCTS_DIR; };
		65EE21EADAEB1C46C1227CF6 /* FitfluenceTests.xctest */ = {isa = PBXFileReference; includeInIndex = 0; lastKnownFileType = wrapper.cfbundle; path = FitfluenceTests.xctest; sourceTree = BUILT_PRODUCTS_DIR; };
		870E9DD10FEBC22074CF71BA /* RootView.swift */ = {isa = PBXFileReference; lastKnownFileType = sourcecode.swift; path = RootView.swift; sourceTree = "<group>"; };
		CAEB6BFF14C57697C73E6CD3 /* RootFeature.swift */ = {isa = PBXFileReference; lastKnownFileType = sourcecode.swift; path = RootFeature.swift; sourceTree = "<group>"; };
		D45116A2BFE9402EC531FE76 /* Info.plist */ = {isa = PBXFileReference; lastKnownFileType = text.plist; path = Info.plist; sourceTree = "<group>"; };
/* End PBXFileReference section */

/* Begin PBXFrameworksBuildPhase section */
		CDD31637A0F7E44D18CAFDFF /* Frameworks */ = {
			isa = PBXFrameworksBuildPhase;
			buildActionMask = 2147483647;
			files = (
				268CC2843BD27BA0CDDE9075 /* ComposableArchitecture in Frameworks */,
			);
			runOnlyForDeploymentPostprocessing = 0;
		};
/* End PBXFrameworksBuildPhase section */

/* Begin PBXGroup section */
		859C07AB354F477587B5FCA6 /* App */ = {
			isa = PBXGroup;
			children = (
				2406C59ACFAD49D5F8BF8FC2 /* FitfluenceApp.swift */,
				D45116A2BFE9402EC531FE76 /* Info.plist */,
				D292F30B286489A7E8DBAFB9 /* Root */,
			);
			path = App;
			sourceTree = "<group>";
		};
		88E87D442A12759AA8F36A2D /* Products */ = {
			isa = PBXGroup;
			children = (
				274454899BAE117E3568041E /* FitfluenceApp.app */,
				65EE21EADAEB1C46C1227CF6 /* FitfluenceTests.xctest */,
			);
			name = Products;
			sourceTree = "<group>";
		};
		C61D88E577A786ED0C1385C5 /* Tests */ = {
			isa = PBXGroup;
			children = (
			);
			path = Tests;
			sourceTree = "<group>";
		};
		D292F30B286489A7E8DBAFB9 /* Root */ = {
			isa = PBXGroup;
			children = (
				CAEB6BFF14C57697C73E6CD3 /* RootFeature.swift */,
				870E9DD10FEBC22074CF71BA /* RootView.swift */,
			);
			path = Root;
			sourceTree = "<group>";
		};
		D8483A9F23B30991585174C3 = {
			isa = PBXGroup;
			children = (
				859C07AB354F477587B5FCA6 /* App */,
				C61D88E577A786ED0C1385C5 /* Tests */,
				88E87D442A12759AA8F36A2D /* Products */,
			);
			sourceTree = "<group>";
		};
/* End PBXGroup section */

/* Begin PBXNativeTarget section */
		63BC2FB100CE8AF04B7027CA /* FitfluenceTests */ = {
			isa = PBXNativeTarget;
			buildConfigurationList = 64CDBB74EC3FB63664C8D647 /* Build configuration list for PBXNativeTarget "FitfluenceTests" */;
			buildPhases = (
				8E33643F97ECEB9F1F2E44EA /* Sources */,
			);
			buildRules = (
			);
			dependencies = (
				4D5347E1F40C472962070217 /* PBXTargetDependency */,
			);
			name = FitfluenceTests;
			packageProductDependencies = (
			);
			productName = FitfluenceTests;
			productReference = 65EE21EADAEB1C46C1227CF6 /* FitfluenceTests.xctest */;
			productType = "com.apple.product-type.bundle.unit-test";
		};
		97EC3E4C23CB2A83536869EE /* FitfluenceApp */ = {
			isa = PBXNativeTarget;
			buildConfigurationList = 365A57E9C02065B065F60FD0 /* Build configuration list for PBXNativeTarget "FitfluenceApp" */;
			buildPhases = (
				6A93BA49EBA02A580FF0B680 /* Sources */,
				CDD31637A0F7E44D18CAFDFF /* Frameworks */,
			);
			buildRules = (
			);
			dependencies = (
			);
			name = FitfluenceApp;
			packageProductDependencies = (
				CF92C8BF8645F9BA258E283B /* ComposableArchitecture */,
			);
			productName = FitfluenceApp;
			productReference = 274454899BAE117E3568041E /* FitfluenceApp.app */;
			productType = "com.apple.product-type.application";
		};
/* End PBXNativeTarget section */

/* Begin PBXProject section */
		72645444D6D11CF9F869745D /* Project object */ = {
			isa = PBXProject;
			attributes = {
				BuildIndependentTargetsInParallel = YES;
				LastUpgradeCheck = 1430;
				TargetAttributes = {
					97EC3E4C23CB2A83536869EE = {
						DevelopmentTeam = "";
						ProvisioningStyle = Automatic;
					};
				};
			};
			buildConfigurationList = 6E3E84CAF377BD7520FC274A /* Build configuration list for PBXProject "Fitfluence" */;
			compatibilityVersion = "Xcode 14.0";
			developmentRegion = en;
			hasScannedForEncodings = 0;
			knownRegions = (
				Base,
				en,
			);
			mainGroup = D8483A9F23B30991585174C3;
			minimizedProjectReferenceProxies = 1;
			packageReferences = (
				1B554A44E2195B8050B95C49 /* XCRemoteSwiftPackageReference "swift-composable-architecture" */,
			);
			preferredProjectObjectVersion = 77;
			projectDirPath = "";
			projectRoot = "";
			targets = (
				97EC3E4C23CB2A83536869EE /* FitfluenceApp */,
				63BC2FB100CE8AF04B7027CA /* FitfluenceTests */,
			);
		};
/* End PBXProject section */

/* Begin PBXSourcesBuildPhase section */
		6A93BA49EBA02A580FF0B680 /* Sources */ = {
			isa = PBXSourcesBuildPhase;
			buildActionMask = 2147483647;
			files = (
				C091B3E8CBC8FB1F8ABFDC95 /* FitfluenceApp.swift in Sources */,
				BE14E4CFB655557D8C529CDF /* RootFeature.swift in Sources */,
				24A48678A501B841969AB1EC /* RootView.swift in Sources */,
			);
			runOnlyForDeploymentPostprocessing = 0;
		};
		8E33643F97ECEB9F1F2E44EA /* Sources */ = {
			isa = PBXSourcesBuildPhase;
			buildActionMask = 2147483647;
			files = (
			);
			runOnlyForDeploymentPostprocessing = 0;
		};
/* End PBXSourcesBuildPhase section */

/* Begin PBXTargetDependency section */
		4D5347E1F40C472962070217 /* PBXTargetDependency */ = {
			isa = PBXTargetDependency;
			target = 97EC3E4C23CB2A83536869EE /* FitfluenceApp */;
			targetProxy = 9774CFC48F26E88E8557B1B7 /* PBXContainerItemProxy */;
		};
/* End PBXTargetDependency section */

/* Begin XCBuildConfiguration section */
		02F0011B8FD7A98B1E175C34 /* Release */ = {
			isa = XCBuildConfiguration;
			buildSettings = {
				ASSETCATALOG_COMPILER_APPICON_NAME = AppIcon;
				CODE_SIGN_IDENTITY = "iPhone Developer";
				CODE_SIGN_STYLE = Automatic;
				CURRENT_PROJECT_VERSION = 1;
				DEVELOPMENT_TEAM = "";
				GENERATE_INFOPLIST_FILE = NO;
				INFOPLIST_FILE = App/Info.plist;
				IPHONEOS_DEPLOYMENT_TARGET = 17.0;
				LD_RUNPATH_SEARCH_PATHS = (
					"$(inherited)",
					"@executable_path/Frameworks",
				);
				MARKETING_VERSION = 1.0;
				PRODUCT_BUNDLE_IDENTIFIER = com.fitfluence.ios;
				PRODUCT_NAME = Fitfluence;
				SDKROOT = iphoneos;
				SWIFT_VERSION = 5.1;
				TARGETED_DEVICE_FAMILY = "1,2";
			};
			name = Release;
		};
		14F30DEF0BDEF4AA004D30B6 /* Debug */ = {
			isa = XCBuildConfiguration;
			buildSettings = {
				ASSETCATALOG_COMPILER_APPICON_NAME = AppIcon;
				CODE_SIGN_IDENTITY = "iPhone Developer";
				CODE_SIGN_STYLE = Automatic;
				CURRENT_PROJECT_VERSION = 1;
				DEVELOPMENT_TEAM = "";
				GENERATE_INFOPLIST_FILE = NO;
				INFOPLIST_FILE = App/Info.plist;
				IPHONEOS_DEPLOYMENT_TARGET = 17.0;
				LD_RUNPATH_SEARCH_PATHS = (
					"$(inherited)",
					"@executable_path/Frameworks",
				);
				MARKETING_VERSION = 1.0;
				PRODUCT_BUNDLE_IDENTIFIER = com.fitfluence.ios;
				PRODUCT_NAME = Fitfluence;
				SDKROOT = iphoneos;
				SWIFT_VERSION = 5.1;
				TARGETED_DEVICE_FAMILY = "1,2";
			};
			name = Debug;
		};
		21768CC0E65F658C6797337A /* Debug */ = {
			isa = XCBuildConfiguration;
			buildSettings = {
				ALWAYS_SEARCH_USER_PATHS = NO;
				CLANG_ANALYZER_NONNULL = YES;
				CLANG_ANALYZER_NUMBER_OBJECT_CONVERSION = YES_AGGRESSIVE;
				CLANG_CXX_LANGUAGE_STANDARD = "gnu++14";
				CLANG_CXX_LIBRARY = "libc++";
				CLANG_ENABLE_MODULES = YES;
				CLANG_ENABLE_OBJC_ARC = YES;
				CLANG_ENABLE_OBJC_WEAK = YES;
				CLANG_WARN_BLOCK_CAPTURE_AUTORELEASING = YES;
				CLANG_WARN_BOOL_CONVERSION = YES;
				CLANG_WARN_COMMA = YES;
				CLANG_WARN_CONSTANT_CONVERSION = YES;
				CLANG_WARN_DEPRECATED_OBJC_IMPLEMENTATIONS = YES;
				CLANG_WARN_DIRECT_OBJC_ISA_USAGE = YES_ERROR;
				CLANG_WARN_DOCUMENTATION_COMMENTS = YES;
				CLANG_WARN_EMPTY_BODY = YES;
				CLANG_WARN_ENUM_CONVERSION = YES;
				CLANG_WARN_INFINITE_RECURSION = YES;
				CLANG_WARN_INT_CONVERSION = YES;
				CLANG_WARN_NON_LITERAL_NULL_CONVERSION = YES;
				CLANG_WARN_OBJC_IMPLICIT_RETAIN_SELF = YES;
				CLANG_WARN_OBJC_LITERAL_CONVERSION = YES;
				CLANG_WARN_OBJC_ROOT_CLASS = YES_ERROR;
				CLANG_WARN_QUOTED_INCLUDE_IN_FRAMEWORK_HEADER = YES;
				CLANG_WARN_RANGE_LOOP_ANALYSIS = YES;
				CLANG_WARN_STRICT_PROTOTYPES = YES;
				CLANG_WARN_SUSPICIOUS_MOVE = YES;
				CLANG_WARN_UNGUARDED_AVAILABILITY = YES_AGGRESSIVE;
				CLANG_WARN_UNREACHABLE_CODE = YES;
				CLANG_WARN__DUPLICATE_METHOD_MATCH = YES;
				COPY_PHASE_STRIP = NO;
				DEBUG_INFORMATION_FORMAT = dwarf;
				ENABLE_STRICT_OBJC_MSGSEND = YES;
				ENABLE_TESTABILITY = YES;
				GCC_C_LANGUAGE_STANDARD = gnu11;
				GCC_DYNAMIC_NO_PIC = NO;
				GCC_NO_COMMON_BLOCKS = YES;
				GCC_OPTIMIZATION_LEVEL = 0;
				GCC_PREPROCESSOR_DEFINITIONS = (
					"$(inherited)",
					"DEBUG=1",
				);
				GCC_WARN_64_TO_32_BIT_CONVERSION = YES;
				GCC_WARN_ABOUT_RETURN_TYPE = YES_ERROR;
				GCC_WARN_UNDECLARED_SELECTOR = YES;
				GCC_WARN_UNINITIALIZED_AUTOS = YES_AGGRESSIVE;
				GCC_WARN_UNUSED_FUNCTION = YES;
				GCC_WARN_UNUSED_VARIABLE = YES;
				IPHONEOS_DEPLOYMENT_TARGET = 17.0;
				MTL_ENABLE_DEBUG_INFO = INCLUDE_SOURCE;
				MTL_FAST_MATH = YES;
				ONLY_ACTIVE_ARCH = YES;
				PRODUCT_NAME = "$(TARGET_NAME)";
				SDKROOT = iphoneos;
				SWIFT_ACTIVE_COMPILATION_CONDITIONS = DEBUG;
				SWIFT_OPTIMIZATION_LEVEL = "-Onone";
				SWIFT_VERSION = 5.0;
			};
			name = Debug;
		};
		C55EB005C791E56B7125E92D /* Release */ = {
			isa = XCBuildConfiguration;
			buildSettings = {
				ALWAYS_SEARCH_USER_PATHS = NO;
				CLANG_ANALYZER_NONNULL = YES;
				CLANG_ANALYZER_NUMBER_OBJECT_CONVERSION = YES_AGGRESSIVE;
				CLANG_CXX_LANGUAGE_STANDARD = "gnu++14";
				CLANG_CXX_LIBRARY = "libc++";
				CLANG_ENABLE_MODULES = YES;
				CLANG_ENABLE_OBJC_ARC = YES;
				CLANG_ENABLE_OBJC_WEAK = YES;
				CLANG_WARN_BLOCK_CAPTURE_AUTORELEASING = YES;
				CLANG_WARN_BOOL_CONVERSION = YES;
				CLANG_WARN_COMMA = YES;
				CLANG_WARN_CONSTANT_CONVERSION = YES;
				CLANG_WARN_DEPRECATED_OBJC_IMPLEMENTATIONS = YES;
				CLANG_WARN_DIRECT_OBJC_ISA_USAGE = YES_ERROR;
				CLANG_WARN_DOCUMENTATION_COMMENTS = YES;
				CLANG_WARN_EMPTY_BODY = YES;
				CLANG_WARN_ENUM_CONVERSION = YES;
				CLANG_WARN_INFINITE_RECURSION = YES;
				CLANG_WARN_INT_CONVERSION = YES;
				CLANG_WARN_NON_LITERAL_NULL_CONVERSION = YES;
				CLANG_WARN_OBJC_IMPLICIT_RETAIN_SELF = YES;
				CLANG_WARN_OBJC_LITERAL_CONVERSION = YES;
				CLANG_WARN_OBJC_ROOT_CLASS = YES_ERROR;
				CLANG_WARN_QUOTED_INCLUDE_IN_FRAMEWORK_HEADER = YES;
				CLANG_WARN_RANGE_LOOP_ANALYSIS = YES;
				CLANG_WARN_STRICT_PROTOTYPES = YES;
				CLANG_WARN_SUSPICIOUS_MOVE = YES;
				CLANG_WARN_UNGUARDED_AVAILABILITY = YES_AGGRESSIVE;
				CLANG_WARN_UNREACHABLE_CODE = YES;
				CLANG_WARN__DUPLICATE_METHOD_MATCH = YES;
				COPY_PHASE_STRIP = NO;
				DEBUG_INFORMATION_FORMAT = "dwarf-with-dsym";
				ENABLE_NS_ASSERTIONS = NO;
				ENABLE_STRICT_OBJC_MSGSEND = YES;
				GCC_C_LANGUAGE_STANDARD = gnu11;
				GCC_NO_COMMON_BLOCKS = YES;
				GCC_WARN_64_TO_32_BIT_CONVERSION = YES;
				GCC_WARN_ABOUT_RETURN_TYPE = YES_ERROR;
				GCC_WARN_UNDECLARED_SELECTOR = YES;
				GCC_WARN_UNINITIALIZED_AUTOS = YES_AGGRESSIVE;
				GCC_WARN_UNUSED_FUNCTION = YES;
				GCC_WARN_UNUSED_VARIABLE = YES;
				IPHONEOS_DEPLOYMENT_TARGET = 17.0;
				MTL_ENABLE_DEBUG_INFO = NO;
				MTL_FAST_MATH = YES;
				PRODUCT_NAME = "$(TARGET_NAME)";
				SDKROOT = iphoneos;
				SWIFT_COMPILATION_MODE = wholemodule;
				SWIFT_OPTIMIZATION_LEVEL = "-O";
				SWIFT_VERSION = 5.0;
			};
			name = Release;
		};
		CCA6CBA42BB9D54D5C8320C5 /* Release */ = {
			isa = XCBuildConfiguration;
			buildSettings = {
				BUNDLE_LOADER = "$(TEST_HOST)";
				IPHONEOS_DEPLOYMENT_TARGET = 17.0;
				LD_RUNPATH_SEARCH_PATHS = (
					"$(inherited)",
					"@executable_path/Frameworks",
					"@loader_path/Frameworks",
				);
				PRODUCT_BUNDLE_IDENTIFIER = com.fitfluence.ios.tests;
				SDKROOT = iphoneos;
				TARGETED_DEVICE_FAMILY = "1,2";
				TEST_HOST = "$(BUILT_PRODUCTS_DIR)/FitfluenceApp.app/FitfluenceApp";
			};
			name = Release;
		};
		D4DE59D6345969D6EE1B3CE9 /* Debug */ = {
			isa = XCBuildConfiguration;
			buildSettings = {
				BUNDLE_LOADER = "$(TEST_HOST)";
				IPHONEOS_DEPLOYMENT_TARGET = 17.0;
				LD_RUNPATH_SEARCH_PATHS = (
					"$(inherited)",
					"@executable_path/Frameworks",
					"@loader_path/Frameworks",
				);
				PRODUCT_BUNDLE_IDENTIFIER = com.fitfluence.ios.tests;
				SDKROOT = iphoneos;
				TARGETED_DEVICE_FAMILY = "1,2";
				TEST_HOST = "$(BUILT_PRODUCTS_DIR)/FitfluenceApp.app/FitfluenceApp";
			};
			name = Debug;
		};
/* End XCBuildConfiguration section */

/* Begin XCConfigurationList section */
		365A57E9C02065B065F60FD0 /* Build configuration list for PBXNativeTarget "FitfluenceApp" */ = {
			isa = XCConfigurationList;
			buildConfigurations = (
				14F30DEF0BDEF4AA004D30B6 /* Debug */,
				02F0011B8FD7A98B1E175C34 /* Release */,
			);
			defaultConfigurationIsVisible = 0;
			defaultConfigurationName = Debug;
		};
		64CDBB74EC3FB63664C8D647 /* Build configuration list for PBXNativeTarget "FitfluenceTests" */ = {
			isa = XCConfigurationList;
			buildConfigurations = (
				D4DE59D6345969D6EE1B3CE9 /* Debug */,
				CCA6CBA42BB9D54D5C8320C5 /* Release */,
			);
			defaultConfigurationIsVisible = 0;
			defaultConfigurationName = Debug;
		};
		6E3E84CAF377BD7520FC274A /* Build configuration list for PBXProject "Fitfluence" */ = {
			isa = XCConfigurationList;
			buildConfigurations = (
				21768CC0E65F658C6797337A /* Debug */,
				C55EB005C791E56B7125E92D /* Release */,
			);
			defaultConfigurationIsVisible = 0;
			defaultConfigurationName = Debug;
		};
/* End XCConfigurationList section */

/* Begin XCRemoteSwiftPackageReference section */
		1B554A44E2195B8050B95C49 /* XCRemoteSwiftPackageReference "swift-composable-architecture" */ = {
			isa = XCRemoteSwiftPackageReference;
			repositoryURL = "https://github.com/pointfreeco/swift-composable-architecture";
			requirement = {
				kind = upToNextMajorVersion;
				minimumVersion = 1.10.0;
			};
		};
/* End XCRemoteSwiftPackageReference section */

/* Begin XCSwiftPackageProductDependency section */
		CF92C8BF8645F9BA258E283B /* ComposableArchitecture */ = {
			isa = XCSwiftPackageProductDependency;
			package = 1B554A44E2195B8050B95C49 /* XCRemoteSwiftPackageReference "swift-composable-architecture" */;
			productName = ComposableArchitecture;
		};
/* End XCSwiftPackageProductDependency section */
	};
	rootObject = 72645444D6D11CF9F869745D /* Project object */;
}
